
Microsoft Visual Studio Solution File, Format Version 12.00
# Visual Studio Version 17
VisualStudioVersion = 17.6.33815.320
MinimumVisualStudioVersion = 10.0.40219.1
Project("{FAE04EC0-301F-11D3-BF4B-00C04F79EFBC}") = "ASP.NET_Template.API", "ASP.NET_Template.API\ASP.NET_Template.API.csproj", "{2DA67CB5-9F07-4D71-89BD-C9B71D895291}"
EndProject
Global
	GlobalSection(SolutionConfigurationPlatforms) = preSolution
		Debug|Any CPU = Debug|Any CPU
		Release|Any CPU = Release|Any CPU
	EndGlobalSection
	GlobalSection(ProjectConfigurationPlatforms) = postSolution
		{2DA67CB5-9F07-4D71-89BD-C9B71D895291}.Debug|Any CPU.ActiveCfg = Debug|Any CPU
		{2DA67CB5-9F07-4D71-89BD-C9B71D895291}.Debug|Any CPU.Build.0 = Debug|Any CPU
		{2DA67CB5-9F07-4D71-89BD-C9B71D895291}.Release|Any CPU.ActiveCfg = Release|Any CPU
		{2DA67CB5-9F07-4D71-89BD-C9B71D895291}.Release|Any CPU.Build.0 = Release|Any CPU
	EndGlobalSection
	GlobalSection(SolutionProperties) = preSolution
		HideSolutionNode = FALSE
	EndGlobalSection
	GlobalSection(ExtensibilityGlobals) = postSolution
		SolutionGuid = {116CDFC3-3FEF-4548-8B03-69A4DCA819F7}
	EndGlobalSection
EndGlobal
